// !$*UTF8*$!
{
	archiveVersion = 1;
	classes = {
	};
	objectVersion = 56;
	objects = {

/* Begin PBXBuildFile section */
		622AB5D42B04908C002DA9C2 /* main.cpp in Sources */ = {isa = PBXBuildFile; fileRef = 622AB5D32B04908C002DA9C2 /* main.cpp */; };
		622AB62B2B260A4B002DA9C2 /* AnaliticVivod.cpp in Sources */ = {isa = PBXBuildFile; fileRef = 622AB6292B260A4B002DA9C2 /* AnaliticVivod.cpp */; };
		628F8CB62B2B9D9A00B60D28 /* Syntax.cpp in Sources */ = {isa = PBXBuildFile; fileRef = 628F8CB42B2B9D9A00B60D28 /* Syntax.cpp */; };
/* End PBXBuildFile section */

/* Begin PBXCopyFilesBuildPhase section */
		622AB5CE2B04908C002DA9C2 /* CopyFiles */ = {
			isa = PBXCopyFilesBuildPhase;
			buildActionMask = 2147483647;
			dstPath = /usr/share/man/man1/;
			dstSubfolderSpec = 0;
			files = (
			);
			runOnlyForDeploymentPostprocessing = 1;
		};
/* End PBXCopyFilesBuildPhase section */

/* Begin PBXFileReference section */
		622AB5D02B04908C002DA9C2 /* SyntaxAnalysator */ = {isa = PBXFileReference; explicitFileType = "compiled.mach-o.executable"; includeInIndex = 0; path = SyntaxAnalysator; sourceTree = BUILT_PRODUCTS_DIR; };
		622AB5D32B04908C002DA9C2 /* main.cpp */ = {isa = PBXFileReference; lastKnownFileType = sourcecode.cpp.cpp; path = main.cpp; sourceTree = "<group>"; };
		622AB6292B260A4B002DA9C2 /* AnaliticVivod.cpp */ = {isa = PBXFileReference; lastKnownFileType = sourcecode.cpp.cpp; path = AnaliticVivod.cpp; sourceTree = "<group>"; };
		622AB62A2B260A4B002DA9C2 /* AnaliticVivod.hpp */ = {isa = PBXFileReference; lastKnownFileType = sourcecode.cpp.h; path = AnaliticVivod.hpp; sourceTree = "<group>"; };
		628F8CB42B2B9D9A00B60D28 /* Syntax.cpp */ = {isa = PBXFileReference; lastKnownFileType = sourcecode.cpp.cpp; path = Syntax.cpp; sourceTree = "<group>"; };
		628F8CB52B2B9D9A00B60D28 /* Syntax.hpp */ = {isa = PBXFileReference; lastKnownFileType = sourcecode.cpp.h; path = Syntax.hpp; sourceTree = "<group>"; };
/* End PBXFileReference section */

/* Begin PBXFrameworksBuildPhase section */
		622AB5CD2B04908C002DA9C2 /* Frameworks */ = {
			isa = PBXFrameworksBuildPhase;
			buildActionMask = 2147483647;
			files = (
			);
			runOnlyForDeploymentPostprocessing = 0;
		};
/* End PBXFrameworksBuildPhase section */

/* Begin PBXGroup section */
		622AB5C72B04908C002DA9C2 = {
			isa = PBXGroup;
			children = (
				622AB5D22B04908C002DA9C2 /* SyntaxAnalysator */,
				622AB5D12B04908C002DA9C2 /* Products */,
			);
			sourceTree = "<group>";
		};
		622AB5D12B04908C002DA9C2 /* Products */ = {
			isa = PBXGroup;
			children = (
				622AB5D02B04908C002DA9C2 /* SyntaxAnalysator */,
			);
			name = Products;
			sourceTree = "<group>";
		};
		622AB5D22B04908C002DA9C2 /* SyntaxAnalysator */ = {
			isa = PBXGroup;
			children = (
				622AB5D32B04908C002DA9C2 /* main.cpp */,
				628F8CB42B2B9D9A00B60D28 /* Syntax.cpp */,
				628F8CB52B2B9D9A00B60D28 /* Syntax.hpp */,
				622AB6292B260A4B002DA9C2 /* AnaliticVivod.cpp */,
				622AB62A2B260A4B002DA9C2 /* AnaliticVivod.hpp */,
			);
			path = SyntaxAnalysator;
			sourceTree = "<group>";
		};
/* End PBXGroup section */

/* Begin PBXNativeTarget section */
		622AB5CF2B04908C002DA9C2 /* SyntaxAnalysator */ = {
			isa = PBXNativeTarget;
			buildConfigurationList = 622AB5D72B04908C002DA9C2 /* Build configuration list for PBXNativeTarget "SyntaxAnalysator" */;
			buildPhases = (
				622AB5CC2B04908C002DA9C2 /* Sources */,
				622AB5CD2B04908C002DA9C2 /* Frameworks */,
				622AB5CE2B04908C002DA9C2 /* CopyFiles */,
			);
			buildRules = (
			);
			dependencies = (
			);
			name = SyntaxAnalysator;
			productName = SyntaxAnalysator;
			productReference = 622AB5D02B04908C002DA9C2 /* SyntaxAnalysator */;
			productType = "com.apple.product-type.tool";
		};
/* End PBXNativeTarget section */

/* Begin PBXProject section */
		622AB5C82B04908C002DA9C2 /* Project object */ = {
			isa = PBXProject;
			attributes = {
				BuildIndependentTargetsInParallel = 1;
				LastUpgradeCheck = 1430;
				TargetAttributes = {
					622AB5CF2B04908C002DA9C2 = {
						CreatedOnToolsVersion = 14.3.1;
					};
				};
			};
			buildConfigurationList = 622AB5CB2B04908C002DA9C2 /* Build configuration list for PBXProject "SyntaxAnalysator" */;
			compatibilityVersion = "Xcode 14.0";
			developmentRegion = en;
			hasScannedForEncodings = 0;
			knownRegions = (
				en,
				Base,
			);
			mainGroup = 622AB5C72B04908C002DA9C2;
			productRefGroup = 622AB5D12B04908C002DA9C2 /* Products */;
			projectDirPath = "";
			projectRoot = "";
			targets = (
				622AB5CF2B04908C002DA9C2 /* SyntaxAnalysator */,
			);
		};
/* End PBXProject section */

/* Begin PBXSourcesBuildPhase section */
		622AB5CC2B04908C002DA9C2 /* Sources */ = {
			isa = PBXSourcesBuildPhase;
			buildActionMask = 2147483647;
			files = (
				628F8CB62B2B9D9A00B60D28 /* Syntax.cpp in Sources */,
				622AB5D42B04908C002DA9C2 /* main.cpp in Sources */,
				622AB62B2B260A4B002DA9C2 /* AnaliticVivod.cpp in Sources */,
			);
			runOnlyForDeploymentPostprocessing = 0;
		};
/* End PBXSourcesBuildPhase section */

/* Begin XCBuildConfiguration section */
		622AB5D52B04908C002DA9C2 /* Debug */ = {
			isa = XCBuildConfiguration;
			buildSettings = {
				ALWAYS_SEARCH_USER_PATHS = NO;
				CLANG_ANALYZER_NONNULL = YES;
				CLANG_ANALYZER_NUMBER_OBJECT_CONVERSION = YES_AGGRESSIVE;
				CLANG_CXX_LANGUAGE_STANDARD = "gnu++20";
				CLANG_ENABLE_MODULES = YES;
				CLANG_ENABLE_OBJC_ARC = YES;
				CLANG_ENABLE_OBJC_WEAK = YES;
				CLANG_WARN_BLOCK_CAPTURE_AUTORELEASING = YES;
				CLANG_WARN_BOOL_CONVERSION = YES;
				CLANG_WARN_COMMA = YES;
				CLANG_WARN_CONSTANT_CONVERSION = YES;
				CLANG_WARN_DEPRECATED_OBJC_IMPLEMENTATIONS = YES;
				CLANG_WARN_DIRECT_OBJC_ISA_USAGE = YES_ERROR;
				CLANG_WARN_DOCUMENTATION_COMMENTS = YES;
				CLANG_WARN_EMPTY_BODY = YES;
				CLANG_WARN_ENUM_CONVERSION = YES;
				CLANG_WARN_INFINITE_RECURSION = YES;
				CLANG_WARN_INT_CONVERSION = YES;
				CLANG_WARN_NON_LITERAL_NULL_CONVERSION = YES;
				CLANG_WARN_OBJC_IMPLICIT_RETAIN_SELF = YES;
				CLANG_WARN_OBJC_LITERAL_CONVERSION = YES;
				CLANG_WARN_OBJC_ROOT_CLASS = YES_ERROR;
				CLANG_WARN_QUOTED_INCLUDE_IN_FRAMEWORK_HEADER = YES;
				CLANG_WARN_RANGE_LOOP_ANALYSIS = YES;
				CLANG_WARN_STRICT_PROTOTYPES = YES;
				CLANG_WARN_SUSPICIOUS_MOVE = YES;
				CLANG_WARN_UNGUARDED_AVAILABILITY = YES_AGGRESSIVE;
				CLANG_WARN_UNREACHABLE_CODE = YES;
				CLANG_WARN__DUPLICATE_METHOD_MATCH = YES;
				COPY_PHASE_STRIP = NO;
				DEBUG_INFORMATION_FORMAT = dwarf;
				ENABLE_STRICT_OBJC_MSGSEND = YES;
				ENABLE_TESTABILITY = YES;
				GCC_C_LANGUAGE_STANDARD = gnu11;
				GCC_DYNAMIC_NO_PIC = NO;
				GCC_NO_COMMON_BLOCKS = YES;
				GCC_OPTIMIZATION_LEVEL = 0;
				GCC_PREPROCESSOR_DEFINITIONS = (
					"DEBUG=1",
					"$(inherited)",
				);
				GCC_WARN_64_TO_32_BIT_CONVERSION = YES;
				GCC_WARN_ABOUT_RETURN_TYPE = YES_ERROR;
				GCC_WARN_UNDECLARED_SELECTOR = YES;
				GCC_WARN_UNINITIALIZED_AUTOS = YES_AGGRESSIVE;
				GCC_WARN_UNUSED_FUNCTION = YES;
				GCC_WARN_UNUSED_VARIABLE = YES;
				MACOSX_DEPLOYMENT_TARGET = 13.2;
				MTL_ENABLE_DEBUG_INFO = INCLUDE_SOURCE;
				MTL_FAST_MATH = YES;
				ONLY_ACTIVE_ARCH = YES;
				SDKROOT = macosx;
			};
			name = Debug;
		};
		622AB5D62B04908C002DA9C2 /* Release */ = {
			isa = XCBuildConfiguration;
			buildSettings = {
				ALWAYS_SEARCH_USER_PATHS = NO;
				CLANG_ANALYZER_NONNULL = YES;
				CLANG_ANALYZER_NUMBER_OBJECT_CONVERSION = YES_AGGRESSIVE;
				CLANG_CXX_LANGUAGE_STANDARD = "gnu++20";
				CLANG_ENABLE_MODULES = YES;
				CLANG_ENABLE_OBJC_ARC = YES;
				CLANG_ENABLE_OBJC_WEAK = YES;
				CLANG_WARN_BLOCK_CAPTURE_AUTORELEASING = YES;
				CLANG_WARN_BOOL_CONVERSION = YES;
				CLANG_WARN_COMMA = YES;
				CLANG_WARN_CONSTANT_CONVERSION = YES;
				CLANG_WARN_DEPRECATED_OBJC_IMPLEMENTATIONS = YES;
				CLANG_WARN_DIRECT_OBJC_ISA_USAGE = YES_ERROR;
				CLANG_WARN_DOCUMENTATION_COMMENTS = YES;
				CLANG_WARN_EMPTY_BODY = YES;
				CLANG_WARN_ENUM_CONVERSION = YES;
				CLANG_WARN_INFINITE_RECURSION = YES;
				CLANG_WARN_INT_CONVERSION = YES;
				CLANG_WARN_NON_LITERAL_NULL_CONVERSION = YES;
				CLANG_WARN_OBJC_IMPLICIT_RETAIN_SELF = YES;
				CLANG_WARN_OBJC_LITERAL_CONVERSION = YES;
				CLANG_WARN_OBJC_ROOT_CLASS = YES_ERROR;
				CLANG_WARN_QUOTED_INCLUDE_IN_FRAMEWORK_HEADER = YES;
				CLANG_WARN_RANGE_LOOP_ANALYSIS = YES;
				CLANG_WARN_STRICT_PROTOTYPES = YES;
				CLANG_WARN_SUSPICIOUS_MOVE = YES;
				CLANG_WARN_UNGUARDED_AVAILABILITY = YES_AGGRESSIVE;
				CLANG_WARN_UNREACHABLE_CODE = YES;
				CLANG_WARN__DUPLICATE_METHOD_MATCH = YES;
				COPY_PHASE_STRIP = NO;
				DEBUG_INFORMATION_FORMAT = "dwarf-with-dsym";
				ENABLE_NS_ASSERTIONS = NO;
				ENABLE_STRICT_OBJC_MSGSEND = YES;
				GCC_C_LANGUAGE_STANDARD = gnu11;
				GCC_NO_COMMON_BLOCKS = YES;
				GCC_WARN_64_TO_32_BIT_CONVERSION = YES;
				GCC_WARN_ABOUT_RETURN_TYPE = YES_ERROR;
				GCC_WARN_UNDECLARED_SELECTOR = YES;
				GCC_WARN_UNINITIALIZED_AUTOS = YES_AGGRESSIVE;
				GCC_WARN_UNUSED_FUNCTION = YES;
				GCC_WARN_UNUSED_VARIABLE = YES;
				MACOSX_DEPLOYMENT_TARGET = 13.2;
				MTL_ENABLE_DEBUG_INFO = NO;
				MTL_FAST_MATH = YES;
				SDKROOT = macosx;
			};
			name = Release;
		};
		622AB5D82B04908C002DA9C2 /* Debug */ = {
			isa = XCBuildConfiguration;
			buildSettings = {
				CODE_SIGN_STYLE = Automatic;
				PRODUCT_NAME = "$(TARGET_NAME)";
			};
			name = Debug;
		};
		622AB5D92B04908C002DA9C2 /* Release */ = {
			isa = XCBuildConfiguration;
			buildSettings = {
				CODE_SIGN_STYLE = Automatic;
				PRODUCT_NAME = "$(TARGET_NAME)";
			};
			name = Release;
		};
/* End XCBuildConfiguration section */

/* Begin XCConfigurationList section */
		622AB5CB2B04908C002DA9C2 /* Build configuration list for PBXProject "SyntaxAnalysator" */ = {
			isa = XCConfigurationList;
			buildConfigurations = (
				622AB5D52B04908C002DA9C2 /* Debug */,
				622AB5D62B04908C002DA9C2 /* Release */,
			);
			defaultConfigurationIsVisible = 0;
			defaultConfigurationName = Release;
		};
		622AB5D72B04908C002DA9C2 /* Build configuration list for PBXNativeTarget "SyntaxAnalysator" */ = {
			isa = XCConfigurationList;
			buildConfigurations = (
				622AB5D82B04908C002DA9C2 /* Debug */,
				622AB5D92B04908C002DA9C2 /* Release */,
			);
			defaultConfigurationIsVisible = 0;
			defaultConfigurationName = Release;
		};
/* End XCConfigurationList section */
	};
	rootObject = 622AB5C82B04908C002DA9C2 /* Project object */;
}
